
Microsoft Visual Studio Solution File, Format Version 12.00
# Visual Studio 14
VisualStudioVersion = 14.0.25123.0
MinimumVisualStudioVersion = 10.0.40219.1
Project("{FAE04EC0-301F-11D3-BF4B-00C04F79EFBC}") = "SimpleBenchmark", "SimpleBenchmark.csproj", "{220E311D-AA03-490B-B746-16F2B5018A74}"
EndProject
Project("{FAE04EC0-301F-11D3-BF4B-00C04F79EFBC}") = "SimpleBenchmark.Test", "SimpleBenchmark.Test\SimpleBenchmark.Test.csproj", "{8A07A093-C042-4C97-99AF-BC4E2F94AE0F}"
EndProject
Global
	GlobalSection(SolutionConfigurationPlatforms) = preSolution
		Debug|Any CPU = Debug|Any CPU
		Release|Any CPU = Release|Any CPU
	EndGlobalSection
	GlobalSection(ProjectConfigurationPlatforms) = postSolution
		{220E311D-AA03-490B-B746-16F2B5018A74}.Debug|Any CPU.ActiveCfg = Debug|Any CPU
		{220E311D-AA03-490B-B746-16F2B5018A74}.Debug|Any CPU.Build.0 = Debug|Any CPU
		{220E311D-AA03-490B-B746-16F2B5018A74}.Release|Any CPU.ActiveCfg = Release|Any CPU
		{220E311D-AA03-490B-B746-16F2B5018A74}.Release|Any CPU.Build.0 = Release|Any CPU
		{8A07A093-C042-4C97-99AF-BC4E2F94AE0F}.Debug|Any CPU.ActiveCfg = Debug|Any CPU
		{8A07A093-C042-4C97-99AF-BC4E2F94AE0F}.Debug|Any CPU.Build.0 = Debug|Any CPU
		{8A07A093-C042-4C97-99AF-BC4E2F94AE0F}.Release|Any CPU.ActiveCfg = Release|Any CPU
		{8A07A093-C042-4C97-99AF-BC4E2F94AE0F}.Release|Any CPU.Build.0 = Release|Any CPU
	EndGlobalSection
	GlobalSection(SolutionProperties) = preSolution
		HideSolutionNode = FALSE
	EndGlobalSection
EndGlobal
